
Microsoft Visual Studio Solution File, Format Version 12.00
# Visual Studio Version 17
VisualStudioVersion = 17.1.32414.318
MinimumVisualStudioVersion = 10.0.40219.1
Project("{9A19103F-16F7-4668-BE54-9A1E7A4F7556}") = "PharmacyManagement_BE.API", "PharmacyManagement_BE.API\PharmacyManagement_BE.API.csproj", "{58B3704B-4945-49A2-934B-320ED538BD53}"
EndProject
Project("{9A19103F-16F7-4668-BE54-9A1E7A4F7556}") = "PharmacyManagement_BE.Application", "PharmacyManagement_BE.Application\PharmacyManagement_BE.Application.csproj", "{E62DDDCD-A100-42B3-A82B-E52DAC202279}"
EndProject
Project("{9A19103F-16F7-4668-BE54-9A1E7A4F7556}") = "PharmacyManagement_BE.Domain", "PharmacyManagement_BE.Domain\PharmacyManagement_BE.Domain.csproj", "{5632BC7D-35AA-4051-9E77-8D473BA8900C}"
EndProject
Project("{9A19103F-16F7-4668-BE54-9A1E7A4F7556}") = "PharmacyManagement_BE.Infrastructure", "PharmacyManagement_BE.Infrastructure\PharmacyManagement_BE.Infrastructure.csproj", "{B8DC964C-C49E-4EFB-9729-8C5A32AC71F4}"
EndProject
Project("{FAE04EC0-301F-11D3-BF4B-00C04F79EFBC}") = "Filter.ContentBase", "Filter.ContentBase\Filter.ContentBase.csproj", "{78FA12D8-C39B-4F2E-BC01-EBAABBF81F1D}"
EndProject
Project("{FAE04EC0-301F-11D3-BF4B-00C04F79EFBC}") = "Filter.Hybrid", "Filter.Hybrid\Filter.Hybrid.csproj", "{D7C1E65F-6C04-4C7C-BB8B-786599AA600D}"
EndProject
Project("{FAE04EC0-301F-11D3-BF4B-00C04F79EFBC}") = "Filter.Collaborative", "Filter.Collaborative\Filter.Collaborative.csproj", "{19B1B265-45D0-4EA2-B39E-B8E3BE36CC8D}"
EndProject
Global
	GlobalSection(SolutionConfigurationPlatforms) = preSolution
		Debug|Any CPU = Debug|Any CPU
		Release|Any CPU = Release|Any CPU
	EndGlobalSection
	GlobalSection(ProjectConfigurationPlatforms) = postSolution
		{58B3704B-4945-49A2-934B-320ED538BD53}.Debug|Any CPU.ActiveCfg = Debug|Any CPU
		{58B3704B-4945-49A2-934B-320ED538BD53}.Debug|Any CPU.Build.0 = Debug|Any CPU
		{58B3704B-4945-49A2-934B-320ED538BD53}.Release|Any CPU.ActiveCfg = Release|Any CPU
		{58B3704B-4945-49A2-934B-320ED538BD53}.Release|Any CPU.Build.0 = Release|Any CPU
		{E62DDDCD-A100-42B3-A82B-E52DAC202279}.Debug|Any CPU.ActiveCfg = Debug|Any CPU
		{E62DDDCD-A100-42B3-A82B-E52DAC202279}.Debug|Any CPU.Build.0 = Debug|Any CPU
		{E62DDDCD-A100-42B3-A82B-E52DAC202279}.Release|Any CPU.ActiveCfg = Release|Any CPU
		{E62DDDCD-A100-42B3-A82B-E52DAC202279}.Release|Any CPU.Build.0 = Release|Any CPU
		{5632BC7D-35AA-4051-9E77-8D473BA8900C}.Debug|Any CPU.ActiveCfg = Debug|Any CPU
		{5632BC7D-35AA-4051-9E77-8D473BA8900C}.Debug|Any CPU.Build.0 = Debug|Any CPU
		{5632BC7D-35AA-4051-9E77-8D473BA8900C}.Release|Any CPU.ActiveCfg = Release|Any CPU
		{5632BC7D-35AA-4051-9E77-8D473BA8900C}.Release|Any CPU.Build.0 = Release|Any CPU
		{B8DC964C-C49E-4EFB-9729-8C5A32AC71F4}.Debug|Any CPU.ActiveCfg = Debug|Any CPU
		{B8DC964C-C49E-4EFB-9729-8C5A32AC71F4}.Debug|Any CPU.Build.0 = Debug|Any CPU
		{B8DC964C-C49E-4EFB-9729-8C5A32AC71F4}.Release|Any CPU.ActiveCfg = Release|Any CPU
		{B8DC964C-C49E-4EFB-9729-8C5A32AC71F4}.Release|Any CPU.Build.0 = Release|Any CPU
		{78FA12D8-C39B-4F2E-BC01-EBAABBF81F1D}.Debug|Any CPU.ActiveCfg = Debug|Any CPU
		{78FA12D8-C39B-4F2E-BC01-EBAABBF81F1D}.Debug|Any CPU.Build.0 = Debug|Any CPU
		{78FA12D8-C39B-4F2E-BC01-EBAABBF81F1D}.Release|Any CPU.ActiveCfg = Release|Any CPU
		{78FA12D8-C39B-4F2E-BC01-EBAABBF81F1D}.Release|Any CPU.Build.0 = Release|Any CPU
		{D7C1E65F-6C04-4C7C-BB8B-786599AA600D}.Debug|Any CPU.ActiveCfg = Debug|Any CPU
		{D7C1E65F-6C04-4C7C-BB8B-786599AA600D}.Debug|Any CPU.Build.0 = Debug|Any CPU
		{D7C1E65F-6C04-4C7C-BB8B-786599AA600D}.Release|Any CPU.ActiveCfg = Release|Any CPU
		{D7C1E65F-6C04-4C7C-BB8B-786599AA600D}.Release|Any CPU.Build.0 = Release|Any CPU
		{19B1B265-45D0-4EA2-B39E-B8E3BE36CC8D}.Debug|Any CPU.ActiveCfg = Debug|Any CPU
		{19B1B265-45D0-4EA2-B39E-B8E3BE36CC8D}.Debug|Any CPU.Build.0 = Debug|Any CPU
		{19B1B265-45D0-4EA2-B39E-B8E3BE36CC8D}.Release|Any CPU.ActiveCfg = Release|Any CPU
		{19B1B265-45D0-4EA2-B39E-B8E3BE36CC8D}.Release|Any CPU.Build.0 = Release|Any CPU
	EndGlobalSection
	GlobalSection(SolutionProperties) = preSolution
		HideSolutionNode = FALSE
	EndGlobalSection
	GlobalSection(ExtensibilityGlobals) = postSolution
		SolutionGuid = {0C8CBAAC-A6DE-4F63-96A8-FA238E58B3AA}
	EndGlobalSection
EndGlobal
